
Microsoft Visual Studio Solution File, Format Version 12.00
# Visual Studio Version 16
VisualStudioVersion = 16.0.29230.47
MinimumVisualStudioVersion = 10.0.40219.1
Project("{FAE04EC0-301F-11D3-BF4B-00C04F79EFBC}") = "Web.CustomerClient", "Web.CustomerClient\Web.CustomerClient.csproj", "{28A6FC05-425D-4106-B8B0-D5EEE20E0F47}"
EndProject
Project("{FAE04EC0-301F-11D3-BF4B-00C04F79EFBC}") = "Model", "Model\Model.csproj", "{36C6381E-80A2-4840-9BE4-564E7DCC8E52}"
EndProject
Project("{FAE04EC0-301F-11D3-BF4B-00C04F79EFBC}") = "Factory", "Factory\Factory.csproj", "{EB44407E-3265-47DA-B913-467EE8AD9941}"
EndProject
Project("{FAE04EC0-301F-11D3-BF4B-00C04F79EFBC}") = "ModelContract", "ModelContract\ModelContract.csproj", "{48672F05-2F7D-458A-87AB-54EEC29D3B8E}"
EndProject
Global
	GlobalSection(SolutionConfigurationPlatforms) = preSolution
		Debug|Any CPU = Debug|Any CPU
		Release|Any CPU = Release|Any CPU
	EndGlobalSection
	GlobalSection(ProjectConfigurationPlatforms) = postSolution
		{28A6FC05-425D-4106-B8B0-D5EEE20E0F47}.Debug|Any CPU.ActiveCfg = Debug|Any CPU
		{28A6FC05-425D-4106-B8B0-D5EEE20E0F47}.Debug|Any CPU.Build.0 = Debug|Any CPU
		{28A6FC05-425D-4106-B8B0-D5EEE20E0F47}.Release|Any CPU.ActiveCfg = Release|Any CPU
		{28A6FC05-425D-4106-B8B0-D5EEE20E0F47}.Release|Any CPU.Build.0 = Release|Any CPU
		{36C6381E-80A2-4840-9BE4-564E7DCC8E52}.Debug|Any CPU.ActiveCfg = Debug|Any CPU
		{36C6381E-80A2-4840-9BE4-564E7DCC8E52}.Debug|Any CPU.Build.0 = Debug|Any CPU
		{36C6381E-80A2-4840-9BE4-564E7DCC8E52}.Release|Any CPU.ActiveCfg = Release|Any CPU
		{36C6381E-80A2-4840-9BE4-564E7DCC8E52}.Release|Any CPU.Build.0 = Release|Any CPU
		{EB44407E-3265-47DA-B913-467EE8AD9941}.Debug|Any CPU.ActiveCfg = Debug|Any CPU
		{EB44407E-3265-47DA-B913-467EE8AD9941}.Debug|Any CPU.Build.0 = Debug|Any CPU
		{EB44407E-3265-47DA-B913-467EE8AD9941}.Release|Any CPU.ActiveCfg = Release|Any CPU
		{EB44407E-3265-47DA-B913-467EE8AD9941}.Release|Any CPU.Build.0 = Release|Any CPU
		{48672F05-2F7D-458A-87AB-54EEC29D3B8E}.Debug|Any CPU.ActiveCfg = Debug|Any CPU
		{48672F05-2F7D-458A-87AB-54EEC29D3B8E}.Debug|Any CPU.Build.0 = Debug|Any CPU
		{48672F05-2F7D-458A-87AB-54EEC29D3B8E}.Release|Any CPU.ActiveCfg = Release|Any CPU
		{48672F05-2F7D-458A-87AB-54EEC29D3B8E}.Release|Any CPU.Build.0 = Release|Any CPU
	EndGlobalSection
	GlobalSection(SolutionProperties) = preSolution
		HideSolutionNode = FALSE
	EndGlobalSection
	GlobalSection(ExtensibilityGlobals) = postSolution
		SolutionGuid = {8E615697-4B7E-4E4D-8D62-FEEFA6B16128}
	EndGlobalSection
EndGlobal
